
Microsoft Visual Studio Solution File, Format Version 12.00
# Visual Studio Version 17
VisualStudioVersion = 17.4.33103.184
MinimumVisualStudioVersion = 10.0.40219.1
Project("{9A19103F-16F7-4668-BE54-9A1E7A4F7556}") = "ReversiKimJip", "ReversiKimJip\ReversiKimJip.csproj", "{06852DB7-02C3-4D46-BA2D-38A8759E1236}"
EndProject
Project("{FAE04EC0-301F-11D3-BF4B-00C04F79EFBC}") = "Reversiv2", "Reversiv2\Reversiv2.csproj", "{08A85837-1E80-4424-90CD-D940F4D229A5}"
EndProject
Global
	GlobalSection(SolutionConfigurationPlatforms) = preSolution
		Debug|Any CPU = Debug|Any CPU
		Release|Any CPU = Release|Any CPU
	EndGlobalSection
	GlobalSection(ProjectConfigurationPlatforms) = postSolution
		{06852DB7-02C3-4D46-BA2D-38A8759E1236}.Debug|Any CPU.ActiveCfg = Debug|Any CPU
		{06852DB7-02C3-4D46-BA2D-38A8759E1236}.Debug|Any CPU.Build.0 = Debug|Any CPU
		{06852DB7-02C3-4D46-BA2D-38A8759E1236}.Release|Any CPU.ActiveCfg = Release|Any CPU
		{06852DB7-02C3-4D46-BA2D-38A8759E1236}.Release|Any CPU.Build.0 = Release|Any CPU
		{08A85837-1E80-4424-90CD-D940F4D229A5}.Debug|Any CPU.ActiveCfg = Debug|Any CPU
		{08A85837-1E80-4424-90CD-D940F4D229A5}.Debug|Any CPU.Build.0 = Debug|Any CPU
		{08A85837-1E80-4424-90CD-D940F4D229A5}.Release|Any CPU.ActiveCfg = Release|Any CPU
		{08A85837-1E80-4424-90CD-D940F4D229A5}.Release|Any CPU.Build.0 = Release|Any CPU
	EndGlobalSection
	GlobalSection(SolutionProperties) = preSolution
		HideSolutionNode = FALSE
	EndGlobalSection
	GlobalSection(ExtensibilityGlobals) = postSolution
		SolutionGuid = {E230BABB-ED5F-4959-9EE8-DD9EF4279799}
	EndGlobalSection
EndGlobal
